// !$*UTF8*$!
{
	archiveVersion = 1;
	classes = {
	};
	objectVersion = 56;
	objects = {

/* Begin PBXBuildFile section */
		A11111110000000000000001 /* Quick_Cam_AppApp.swift in Sources */ = {isa = PBXBuildFile; fileRef = A11111110000000000000011 /* Quick_Cam_AppApp.swift */; };
		A11111110000000000000002 /* ContentView.swift in Sources */ = {isa = PBXBuildFile; fileRef = A11111110000000000000012 /* ContentView.swift */; };
		A11111110000000000000004 /* PreviewView.swift in Sources */ = {isa = PBXBuildFile; fileRef = A11111110000000000000014 /* PreviewView.swift */; };
		A11111110000000000000005 /* Assets.xcassets in Resources */ = {isa = PBXBuildFile; fileRef = A11111110000000000000015 /* Assets.xcassets */; };
		A22222220000000000000021 /* RecordedVideo.swift in Sources */ = {isa = PBXBuildFile; fileRef = A22222220000000000000001 /* RecordedVideo.swift */; };
		A22222220000000000000022 /* TimedCaption.swift in Sources */ = {isa = PBXBuildFile; fileRef = A22222220000000000000002 /* TimedCaption.swift */; };
		A22222220000000000000023 /* CameraService.swift in Sources */ = {isa = PBXBuildFile; fileRef = A22222220000000000000003 /* CameraService.swift */; };
		A22222220000000000000024 /* ExportService.swift in Sources */ = {isa = PBXBuildFile; fileRef = A22222220000000000000004 /* ExportService.swift */; };
		A22222220000000000000025 /* TranscriptionService.swift in Sources */ = {isa = PBXBuildFile; fileRef = A22222220000000000000005 /* TranscriptionService.swift */; };
		A22222220000000000000026 /* RecordingsRepository.swift in Sources */ = {isa = PBXBuildFile; fileRef = A22222220000000000000006 /* RecordingsRepository.swift */; };
		A22222220000000000000027 /* CameraViewModel.swift in Sources */ = {isa = PBXBuildFile; fileRef = A22222220000000000000007 /* CameraViewModel.swift */; };
		A22222220000000000000028 /* CameraPreviewView.swift in Sources */ = {isa = PBXBuildFile; fileRef = A22222220000000000000008 /* CameraPreviewView.swift */; };
		A22222220000000000000029 /* RecordingControlsView.swift in Sources */ = {isa = PBXBuildFile; fileRef = A22222220000000000000009 /* RecordingControlsView.swift */; };
		A2222222000000000000002A /* PreviousRecordingsSidebar.swift in Sources */ = {isa = PBXBuildFile; fileRef = A2222222000000000000000A /* PreviousRecordingsSidebar.swift */; };
		A2222222000000000000002B /* PreviousRecordingCard.swift in Sources */ = {isa = PBXBuildFile; fileRef = A2222222000000000000000B /* PreviousRecordingCard.swift */; };
		A2222222000000000000002C /* PreviousVideoPreview.swift in Sources */ = {isa = PBXBuildFile; fileRef = A2222222000000000000000C /* PreviousVideoPreview.swift */; };
		A2222222000000000000002D /* VideoPlayerView.swift in Sources */ = {isa = PBXBuildFile; fileRef = A2222222000000000000000D /* VideoPlayerView.swift */; };
		A2222222000000000000002E /* CroppedVideoPlayerView.swift in Sources */ = {isa = PBXBuildFile; fileRef = A2222222000000000000000E /* CroppedVideoPlayerView.swift */; };
		A2222222000000000000002F /* CaptionStylePickerView.swift in Sources */ = {isa = PBXBuildFile; fileRef = A2222222000000000000000F /* CaptionStylePickerView.swift */; };
		B11111110000000000000002 /* CameraViewModelTests.swift in Sources */ = {isa = PBXBuildFile; fileRef = B11111110000000000000001 /* CameraViewModelTests.swift */; };
		C11111110000000000000001 /* AudioProcessingService.swift in Sources */ = {isa = PBXBuildFile; fileRef = C11111110000000000000011 /* AudioProcessingService.swift */; };
		C11111110000000000000002 /* AudioProcessingServiceTests.swift in Sources */ = {isa = PBXBuildFile; fileRef = C11111110000000000000012 /* AudioProcessingServiceTests.swift */; };
		D11111110000000000000001 /* AspectRatioOption.swift in Sources */ = {isa = PBXBuildFile; fileRef = D11111110000000000000011 /* AspectRatioOption.swift */; };
		E11111110000000000000001 /* ResolutionOption.swift in Sources */ = {isa = PBXBuildFile; fileRef = E11111110000000000000011 /* ResolutionOption.swift */; };
		F11111110000000000000001 /* CaptionStyle.swift in Sources */ = {isa = PBXBuildFile; fileRef = F11111110000000000000011 /* CaptionStyle.swift */; };
		F11111110000000000000002 /* CaptionStyleEngine.swift in Sources */ = {isa = PBXBuildFile; fileRef = F11111110000000000000012 /* CaptionStyleEngine.swift */; };
		G11111110000000000000001 /* TranscriptionLanguage.swift in Sources */ = {isa = PBXBuildFile; fileRef = G11111110000000000000011 /* TranscriptionLanguage.swift */; };
		A22222220000000000000030 /* FlowLayout.swift in Sources */ = {isa = PBXBuildFile; fileRef = A22222220000000000000010 /* FlowLayout.swift */; };
		A22222220000000000000041 /* TranscriptEditorView.swift in Sources */ = {isa = PBXBuildFile; fileRef = A22222220000000000000011 /* TranscriptEditorView.swift */; };
		H11111110000000000000001 /* TranscriptPlaybackObserver.swift in Sources */ = {isa = PBXBuildFile; fileRef = H11111110000000000000011 /* TranscriptPlaybackObserver.swift */; };
/* End PBXBuildFile section */

/* Begin PBXContainerItemProxy section */
		B1111111000000000000000B /* PBXContainerItemProxy */ = {
			isa = PBXContainerItemProxy;
			containerPortal = A11111110000000000000008 /* Project object */;
			proxyType = 1;
			remoteGlobalIDString = A1111111000000000000000A;
			remoteInfo = "Quick-Cam-App";
		};
/* End PBXContainerItemProxy section */

/* Begin PBXFileReference section */
		A11111110000000000000010 /* Quick-Cam-App.app */ = {isa = PBXFileReference; explicitFileType = wrapper.application; includeInIndex = 0; path = "Quick-Cam-App.app"; sourceTree = BUILT_PRODUCTS_DIR; };
		A11111110000000000000011 /* Quick_Cam_AppApp.swift */ = {isa = PBXFileReference; lastKnownFileType = sourcecode.swift; path = Quick_Cam_AppApp.swift; sourceTree = "<group>"; };
		A11111110000000000000012 /* ContentView.swift */ = {isa = PBXFileReference; lastKnownFileType = sourcecode.swift; path = ContentView.swift; sourceTree = "<group>"; };
		A11111110000000000000014 /* PreviewView.swift */ = {isa = PBXFileReference; lastKnownFileType = sourcecode.swift; path = PreviewView.swift; sourceTree = "<group>"; };
		A11111110000000000000015 /* Assets.xcassets */ = {isa = PBXFileReference; lastKnownFileType = folder.assetcatalog; path = Assets.xcassets; sourceTree = "<group>"; };
		A11111110000000000000016 /* Info.plist */ = {isa = PBXFileReference; lastKnownFileType = text.plist.xml; path = Info.plist; sourceTree = "<group>"; };
		A11111110000000000000017 /* Quick_Cam_App.entitlements */ = {isa = PBXFileReference; lastKnownFileType = text.plist.entitlements; path = Quick_Cam_App.entitlements; sourceTree = "<group>"; };
		A22222220000000000000001 /* RecordedVideo.swift */ = {isa = PBXFileReference; lastKnownFileType = sourcecode.swift; path = RecordedVideo.swift; sourceTree = "<group>"; };
		A22222220000000000000002 /* TimedCaption.swift */ = {isa = PBXFileReference; lastKnownFileType = sourcecode.swift; path = TimedCaption.swift; sourceTree = "<group>"; };
		A22222220000000000000003 /* CameraService.swift */ = {isa = PBXFileReference; lastKnownFileType = sourcecode.swift; path = CameraService.swift; sourceTree = "<group>"; };
		A22222220000000000000004 /* ExportService.swift */ = {isa = PBXFileReference; lastKnownFileType = sourcecode.swift; path = ExportService.swift; sourceTree = "<group>"; };
		A22222220000000000000005 /* TranscriptionService.swift */ = {isa = PBXFileReference; lastKnownFileType = sourcecode.swift; path = TranscriptionService.swift; sourceTree = "<group>"; };
		A22222220000000000000006 /* RecordingsRepository.swift */ = {isa = PBXFileReference; lastKnownFileType = sourcecode.swift; path = RecordingsRepository.swift; sourceTree = "<group>"; };
		A22222220000000000000007 /* CameraViewModel.swift */ = {isa = PBXFileReference; lastKnownFileType = sourcecode.swift; path = CameraViewModel.swift; sourceTree = "<group>"; };
		A22222220000000000000008 /* CameraPreviewView.swift */ = {isa = PBXFileReference; lastKnownFileType = sourcecode.swift; path = CameraPreviewView.swift; sourceTree = "<group>"; };
		A22222220000000000000009 /* RecordingControlsView.swift */ = {isa = PBXFileReference; lastKnownFileType = sourcecode.swift; path = RecordingControlsView.swift; sourceTree = "<group>"; };
		A2222222000000000000000A /* PreviousRecordingsSidebar.swift */ = {isa = PBXFileReference; lastKnownFileType = sourcecode.swift; path = PreviousRecordingsSidebar.swift; sourceTree = "<group>"; };
		A2222222000000000000000B /* PreviousRecordingCard.swift */ = {isa = PBXFileReference; lastKnownFileType = sourcecode.swift; path = PreviousRecordingCard.swift; sourceTree = "<group>"; };
		A2222222000000000000000C /* PreviousVideoPreview.swift */ = {isa = PBXFileReference; lastKnownFileType = sourcecode.swift; path = PreviousVideoPreview.swift; sourceTree = "<group>"; };
		A2222222000000000000000D /* VideoPlayerView.swift */ = {isa = PBXFileReference; lastKnownFileType = sourcecode.swift; path = VideoPlayerView.swift; sourceTree = "<group>"; };
		A2222222000000000000000E /* CroppedVideoPlayerView.swift */ = {isa = PBXFileReference; lastKnownFileType = sourcecode.swift; path = CroppedVideoPlayerView.swift; sourceTree = "<group>"; };
		A2222222000000000000000F /* CaptionStylePickerView.swift */ = {isa = PBXFileReference; lastKnownFileType = sourcecode.swift; path = CaptionStylePickerView.swift; sourceTree = "<group>"; };
		B11111110000000000000001 /* CameraViewModelTests.swift */ = {isa = PBXFileReference; lastKnownFileType = sourcecode.swift; path = CameraViewModelTests.swift; sourceTree = "<group>"; };
		B11111110000000000000003 /* Quick-Cam-AppTests.xctest */ = {isa = PBXFileReference; explicitFileType = wrapper.cfbundle; includeInIndex = 0; path = "Quick-Cam-AppTests.xctest"; sourceTree = BUILT_PRODUCTS_DIR; };
		C11111110000000000000011 /* AudioProcessingService.swift */ = {isa = PBXFileReference; lastKnownFileType = sourcecode.swift; path = AudioProcessingService.swift; sourceTree = "<group>"; };
		C11111110000000000000012 /* AudioProcessingServiceTests.swift */ = {isa = PBXFileReference; lastKnownFileType = sourcecode.swift; path = AudioProcessingServiceTests.swift; sourceTree = "<group>"; };
		D11111110000000000000011 /* AspectRatioOption.swift */ = {isa = PBXFileReference; lastKnownFileType = sourcecode.swift; path = AspectRatioOption.swift; sourceTree = "<group>"; };
		E11111110000000000000011 /* ResolutionOption.swift */ = {isa = PBXFileReference; lastKnownFileType = sourcecode.swift; path = ResolutionOption.swift; sourceTree = "<group>"; };
		F11111110000000000000011 /* CaptionStyle.swift */ = {isa = PBXFileReference; lastKnownFileType = sourcecode.swift; path = CaptionStyle.swift; sourceTree = "<group>"; };
		F11111110000000000000012 /* CaptionStyleEngine.swift */ = {isa = PBXFileReference; lastKnownFileType = sourcecode.swift; path = CaptionStyleEngine.swift; sourceTree = "<group>"; };
		G11111110000000000000011 /* TranscriptionLanguage.swift */ = {isa = PBXFileReference; lastKnownFileType = sourcecode.swift; path = TranscriptionLanguage.swift; sourceTree = "<group>"; };
		A22222220000000000000010 /* FlowLayout.swift */ = {isa = PBXFileReference; lastKnownFileType = sourcecode.swift; path = FlowLayout.swift; sourceTree = "<group>"; };
		A22222220000000000000011 /* TranscriptEditorView.swift */ = {isa = PBXFileReference; lastKnownFileType = sourcecode.swift; path = TranscriptEditorView.swift; sourceTree = "<group>"; };
		H11111110000000000000011 /* TranscriptPlaybackObserver.swift */ = {isa = PBXFileReference; lastKnownFileType = sourcecode.swift; path = TranscriptPlaybackObserver.swift; sourceTree = "<group>"; };
/* End PBXFileReference section */

/* Begin PBXFrameworksBuildPhase section */
		A1111111000000000000000D /* Frameworks */ = {
			isa = PBXFrameworksBuildPhase;
			buildActionMask = 2147483647;
			files = (
			);
			runOnlyForDeploymentPostprocessing = 0;
		};
		B11111110000000000000007 /* Frameworks */ = {
			isa = PBXFrameworksBuildPhase;
			buildActionMask = 2147483647;
			files = (
			);
			runOnlyForDeploymentPostprocessing = 0;
		};
/* End PBXFrameworksBuildPhase section */

/* Begin PBXGroup section */
		A11111110000000000000007 = {
			isa = PBXGroup;
			children = (
				A11111110000000000000020 /* Quick-Cam-App */,
				B11111110000000000000004 /* Quick-Cam-AppTests */,
				A1111111000000000000000F /* Products */,
			);
			sourceTree = "<group>";
		};
		A1111111000000000000000F /* Products */ = {
			isa = PBXGroup;
			children = (
				A11111110000000000000010 /* Quick-Cam-App.app */,
				B11111110000000000000003 /* Quick-Cam-AppTests.xctest */,
			);
			name = Products;
			sourceTree = "<group>";
		};
		B11111110000000000000004 /* Quick-Cam-AppTests */ = {
			isa = PBXGroup;
			children = (
				B11111110000000000000001 /* CameraViewModelTests.swift */,
				C11111110000000000000012 /* AudioProcessingServiceTests.swift */,
			);
			path = "Quick-Cam-AppTests";
			sourceTree = "<group>";
		};
		A11111110000000000000020 /* Quick-Cam-App */ = {
			isa = PBXGroup;
			children = (
				A11111110000000000000011 /* Quick_Cam_AppApp.swift */,
				A11111110000000000000012 /* ContentView.swift */,
				A11111110000000000000014 /* PreviewView.swift */,
				A22222220000000000000031 /* Models */,
				A22222220000000000000032 /* Services */,
				A22222220000000000000033 /* ViewModels */,
				A22222220000000000000034 /* Views */,
				A11111110000000000000015 /* Assets.xcassets */,
				A11111110000000000000016 /* Info.plist */,
				A11111110000000000000017 /* Quick_Cam_App.entitlements */,
			);
			path = "Quick-Cam-App";
			sourceTree = "<group>";
		};
		A22222220000000000000031 /* Models */ = {
			isa = PBXGroup;
			children = (
				D11111110000000000000011 /* AspectRatioOption.swift */,
				E11111110000000000000011 /* ResolutionOption.swift */,
				A22222220000000000000001 /* RecordedVideo.swift */,
				A22222220000000000000002 /* TimedCaption.swift */,
				F11111110000000000000011 /* CaptionStyle.swift */,
				G11111110000000000000011 /* TranscriptionLanguage.swift */,
			);
			path = Models;
			sourceTree = "<group>";
		};
		A22222220000000000000032 /* Services */ = {
			isa = PBXGroup;
			children = (
				A22222220000000000000003 /* CameraService.swift */,
				A22222220000000000000004 /* ExportService.swift */,
				A22222220000000000000005 /* TranscriptionService.swift */,
				A22222220000000000000006 /* RecordingsRepository.swift */,
				C11111110000000000000011 /* AudioProcessingService.swift */,
				F11111110000000000000012 /* CaptionStyleEngine.swift */,
			);
			path = Services;
			sourceTree = "<group>";
		};
		A22222220000000000000033 /* ViewModels */ = {
			isa = PBXGroup;
			children = (
				A22222220000000000000007 /* CameraViewModel.swift */,
				H11111110000000000000011 /* TranscriptPlaybackObserver.swift */,
			);
			path = ViewModels;
			sourceTree = "<group>";
		};
		A22222220000000000000034 /* Views */ = {
			isa = PBXGroup;
			children = (
				A22222220000000000000008 /* CameraPreviewView.swift */,
				A22222220000000000000009 /* RecordingControlsView.swift */,
				A2222222000000000000000A /* PreviousRecordingsSidebar.swift */,
				A2222222000000000000000B /* PreviousRecordingCard.swift */,
				A2222222000000000000000C /* PreviousVideoPreview.swift */,
				A2222222000000000000000D /* VideoPlayerView.swift */,
				A2222222000000000000000E /* CroppedVideoPlayerView.swift */,
				A2222222000000000000000F /* CaptionStylePickerView.swift */,
				A22222220000000000000010 /* FlowLayout.swift */,
				A22222220000000000000011 /* TranscriptEditorView.swift */,
			);
			path = Views;
			sourceTree = "<group>";
		};
/* End PBXGroup section */

/* Begin PBXNativeTarget section */
		A1111111000000000000000A /* Quick-Cam-App */ = {
			isa = PBXNativeTarget;
			buildConfigurationList = A11111110000000000000018 /* Build configuration list for PBXNativeTarget "Quick-Cam-App" */;
			buildPhases = (
				A1111111000000000000000B /* Sources */,
				A1111111000000000000000D /* Frameworks */,
				A1111111000000000000000E /* Resources */,
			);
			buildRules = (
			);
			dependencies = (
			);
			name = "Quick-Cam-App";
			productName = "Quick-Cam-App";
			productReference = A11111110000000000000010 /* Quick-Cam-App.app */;
			productType = "com.apple.product-type.application";
		};
		B11111110000000000000005 /* Quick-Cam-AppTests */ = {
			isa = PBXNativeTarget;
			buildConfigurationList = B11111110000000000000008 /* Build configuration list for PBXNativeTarget "Quick-Cam-AppTests" */;
			buildPhases = (
				B11111110000000000000006 /* Sources */,
				B11111110000000000000007 /* Frameworks */,
			);
			buildRules = (
			);
			dependencies = (
				B1111111000000000000000C /* PBXTargetDependency */,
			);
			name = "Quick-Cam-AppTests";
			productName = "Quick-Cam-AppTests";
			productReference = B11111110000000000000003 /* Quick-Cam-AppTests.xctest */;
			productType = "com.apple.product-type.bundle.unit-test";
		};
/* End PBXNativeTarget section */

/* Begin PBXProject section */
		A11111110000000000000008 /* Project object */ = {
			isa = PBXProject;
			attributes = {
				BuildIndependentTargetsInParallel = 1;
				LastSwiftUpdateCheck = 1500;
				LastUpgradeCheck = 1500;
				TargetAttributes = {
					A1111111000000000000000A = {
						CreatedOnToolsVersion = 15.0;
					};
					B11111110000000000000005 = {
						CreatedOnToolsVersion = 15.0;
						TestTargetID = A1111111000000000000000A;
					};
				};
			};
			buildConfigurationList = A11111110000000000000009 /* Build configuration list for PBXProject "Quick-Cam-App" */;
			compatibilityVersion = "Xcode 14.0";
			developmentRegion = en;
			hasScannedForEncodings = 0;
			knownRegions = (
				en,
				Base,
			);
			mainGroup = A11111110000000000000007;
			productRefGroup = A1111111000000000000000F /* Products */;
			projectDirPath = "";
			projectRoot = "";
			targets = (
				A1111111000000000000000A /* Quick-Cam-App */,
				B11111110000000000000005 /* Quick-Cam-AppTests */,
			);
		};
/* End PBXProject section */

/* Begin PBXResourcesBuildPhase section */
		A1111111000000000000000E /* Resources */ = {
			isa = PBXResourcesBuildPhase;
			buildActionMask = 2147483647;
			files = (
				A11111110000000000000005 /* Assets.xcassets in Resources */,
			);
			runOnlyForDeploymentPostprocessing = 0;
		};
/* End PBXResourcesBuildPhase section */

/* Begin PBXSourcesBuildPhase section */
		A1111111000000000000000B /* Sources */ = {
			isa = PBXSourcesBuildPhase;
			buildActionMask = 2147483647;
			files = (
				A11111110000000000000001 /* Quick_Cam_AppApp.swift in Sources */,
				A11111110000000000000002 /* ContentView.swift in Sources */,
				A11111110000000000000004 /* PreviewView.swift in Sources */,
				A22222220000000000000021 /* RecordedVideo.swift in Sources */,
				A22222220000000000000022 /* TimedCaption.swift in Sources */,
				A22222220000000000000023 /* CameraService.swift in Sources */,
				A22222220000000000000024 /* ExportService.swift in Sources */,
				A22222220000000000000025 /* TranscriptionService.swift in Sources */,
				A22222220000000000000026 /* RecordingsRepository.swift in Sources */,
				A22222220000000000000027 /* CameraViewModel.swift in Sources */,
				A22222220000000000000028 /* CameraPreviewView.swift in Sources */,
				A22222220000000000000029 /* RecordingControlsView.swift in Sources */,
				A2222222000000000000002A /* PreviousRecordingsSidebar.swift in Sources */,
				A2222222000000000000002B /* PreviousRecordingCard.swift in Sources */,
				A2222222000000000000002C /* PreviousVideoPreview.swift in Sources */,
				A2222222000000000000002D /* VideoPlayerView.swift in Sources */,
				A2222222000000000000002E /* CroppedVideoPlayerView.swift in Sources */,
				A2222222000000000000002F /* CaptionStylePickerView.swift in Sources */,
				C11111110000000000000001 /* AudioProcessingService.swift in Sources */,
				D11111110000000000000001 /* AspectRatioOption.swift in Sources */,
				E11111110000000000000001 /* ResolutionOption.swift in Sources */,
				F11111110000000000000001 /* CaptionStyle.swift in Sources */,
				F11111110000000000000002 /* CaptionStyleEngine.swift in Sources */,
				G11111110000000000000001 /* TranscriptionLanguage.swift in Sources */,
				A22222220000000000000030 /* FlowLayout.swift in Sources */,
				A22222220000000000000041 /* TranscriptEditorView.swift in Sources */,
				H11111110000000000000001 /* TranscriptPlaybackObserver.swift in Sources */,
			);
			runOnlyForDeploymentPostprocessing = 0;
		};
		B11111110000000000000006 /* Sources */ = {
			isa = PBXSourcesBuildPhase;
			buildActionMask = 2147483647;
			files = (
				B11111110000000000000002 /* CameraViewModelTests.swift in Sources */,
				C11111110000000000000002 /* AudioProcessingServiceTests.swift in Sources */,
			);
			runOnlyForDeploymentPostprocessing = 0;
		};
/* End PBXSourcesBuildPhase section */

/* Begin PBXTargetDependency section */
		B1111111000000000000000C /* PBXTargetDependency */ = {
			isa = PBXTargetDependency;
			target = A1111111000000000000000A /* Quick-Cam-App */;
			targetProxy = B1111111000000000000000B /* PBXContainerItemProxy */;
		};
/* End PBXTargetDependency section */

/* Begin XCBuildConfiguration section */
		A11111110000000000000019 /* Debug */ = {
			isa = XCBuildConfiguration;
			buildSettings = {
				ALWAYS_SEARCH_USER_PATHS = NO;
				ASSETCATALOG_COMPILER_GENERATE_SWIFT_ASSET_SYMBOL_EXTENSIONS = YES;
				CLANG_ANALYZER_NONNULL = YES;
				CLANG_ANALYZER_NUMBER_OBJECT_CONVERSION = YES_AGGRESSIVE;
				CLANG_CXX_LANGUAGE_STANDARD = "gnu++20";
				CLANG_ENABLE_MODULES = YES;
				CLANG_ENABLE_OBJC_ARC = YES;
				CLANG_ENABLE_OBJC_WEAK = YES;
				CLANG_WARN_BLOCK_CAPTURE_AUTORELEASING = YES;
				CLANG_WARN_BOOL_CONVERSION = YES;
				CLANG_WARN_COMMA = YES;
				CLANG_WARN_CONSTANT_CONVERSION = YES;
				CLANG_WARN_DEPRECATED_OBJC_IMPLEMENTATIONS = YES;
				CLANG_WARN_DIRECT_OBJC_ISA_USAGE = YES_ERROR;
				CLANG_WARN_DOCUMENTATION_COMMENTS = YES;
				CLANG_WARN_EMPTY_BODY = YES;
				CLANG_WARN_ENUM_CONVERSION = YES;
				CLANG_WARN_INFINITE_RECURSION = YES;
				CLANG_WARN_INT_CONVERSION = YES;
				CLANG_WARN_NON_LITERAL_NULL_CONVERSION = YES;
				CLANG_WARN_OBJC_IMPLICIT_RETAIN_SELF = YES;
				CLANG_WARN_OBJC_LITERAL_CONVERSION = YES;
				CLANG_WARN_OBJC_ROOT_CLASS = YES_ERROR;
				CLANG_WARN_QUOTED_INCLUDE_IN_FRAMEWORK_HEADER = YES;
				CLANG_WARN_RANGE_LOOP_ANALYSIS = YES;
				CLANG_WARN_STRICT_PROTOTYPES = YES;
				CLANG_WARN_SUSPICIOUS_MOVE = YES;
				CLANG_WARN_UNGUARDED_AVAILABILITY = YES_AGGRESSIVE;
				CLANG_WARN_UNREACHABLE_CODE = YES;
				CLANG_WARN__DUPLICATE_METHOD_MATCH = YES;
				COPY_PHASE_STRIP = NO;
				DEBUG_INFORMATION_FORMAT = dwarf;
				ENABLE_STRICT_OBJC_MSGSEND = YES;
				ENABLE_TESTABILITY = YES;
				ENABLE_USER_SCRIPT_SANDBOXING = YES;
				GCC_C_LANGUAGE_STANDARD = gnu17;
				GCC_DYNAMIC_NO_PIC = NO;
				GCC_NO_COMMON_BLOCKS = YES;
				GCC_OPTIMIZATION_LEVEL = 0;
				GCC_PREPROCESSOR_DEFINITIONS = (
					"DEBUG=1",
					"$(inherited)",
				);
				GCC_WARN_64_TO_32_BIT_CONVERSION = YES;
				GCC_WARN_ABOUT_RETURN_TYPE = YES_ERROR;
				GCC_WARN_UNDECLARED_SELECTOR = YES;
				GCC_WARN_UNINITIALIZED_AUTOS = YES_AGGRESSIVE;
				GCC_WARN_UNUSED_FUNCTION = YES;
				GCC_WARN_UNUSED_VARIABLE = YES;
				MACOSX_DEPLOYMENT_TARGET = 14.0;
				MTL_ENABLE_DEBUG_INFO = INCLUDE_SOURCE;
				MTL_FAST_MATH = YES;
				ONLY_ACTIVE_ARCH = YES;
				SDKROOT = macosx;
				SWIFT_ACTIVE_COMPILATION_CONDITIONS = "DEBUG $(inherited)";
				SWIFT_OPTIMIZATION_LEVEL = "-Onone";
			};
			name = Debug;
		};
		A1111111000000000000001A /* Release */ = {
			isa = XCBuildConfiguration;
			buildSettings = {
				ALWAYS_SEARCH_USER_PATHS = NO;
				ASSETCATALOG_COMPILER_GENERATE_SWIFT_ASSET_SYMBOL_EXTENSIONS = YES;
				CLANG_ANALYZER_NONNULL = YES;
				CLANG_ANALYZER_NUMBER_OBJECT_CONVERSION = YES_AGGRESSIVE;
				CLANG_CXX_LANGUAGE_STANDARD = "gnu++20";
				CLANG_ENABLE_MODULES = YES;
				CLANG_ENABLE_OBJC_ARC = YES;
				CLANG_ENABLE_OBJC_WEAK = YES;
				CLANG_WARN_BLOCK_CAPTURE_AUTORELEASING = YES;
				CLANG_WARN_BOOL_CONVERSION = YES;
				CLANG_WARN_COMMA = YES;
				CLANG_WARN_CONSTANT_CONVERSION = YES;
				CLANG_WARN_DEPRECATED_OBJC_IMPLEMENTATIONS = YES;
				CLANG_WARN_DIRECT_OBJC_ISA_USAGE = YES_ERROR;
				CLANG_WARN_DOCUMENTATION_COMMENTS = YES;
				CLANG_WARN_EMPTY_BODY = YES;
				CLANG_WARN_ENUM_CONVERSION = YES;
				CLANG_WARN_INFINITE_RECURSION = YES;
				CLANG_WARN_INT_CONVERSION = YES;
				CLANG_WARN_NON_LITERAL_NULL_CONVERSION = YES;
				CLANG_WARN_OBJC_IMPLICIT_RETAIN_SELF = YES;
				CLANG_WARN_OBJC_LITERAL_CONVERSION = YES;
				CLANG_WARN_OBJC_ROOT_CLASS = YES_ERROR;
				CLANG_WARN_QUOTED_INCLUDE_IN_FRAMEWORK_HEADER = YES;
				CLANG_WARN_RANGE_LOOP_ANALYSIS = YES;
				CLANG_WARN_STRICT_PROTOTYPES = YES;
				CLANG_WARN_SUSPICIOUS_MOVE = YES;
				CLANG_WARN_UNGUARDED_AVAILABILITY = YES_AGGRESSIVE;
				CLANG_WARN_UNREACHABLE_CODE = YES;
				CLANG_WARN__DUPLICATE_METHOD_MATCH = YES;
				COPY_PHASE_STRIP = NO;
				DEBUG_INFORMATION_FORMAT = "dwarf-with-dsym";
				ENABLE_NS_ASSERTIONS = NO;
				ENABLE_STRICT_OBJC_MSGSEND = YES;
				ENABLE_USER_SCRIPT_SANDBOXING = YES;
				GCC_C_LANGUAGE_STANDARD = gnu17;
				GCC_NO_COMMON_BLOCKS = YES;
				GCC_WARN_64_TO_32_BIT_CONVERSION = YES;
				GCC_WARN_ABOUT_RETURN_TYPE = YES_ERROR;
				GCC_WARN_UNDECLARED_SELECTOR = YES;
				GCC_WARN_UNINITIALIZED_AUTOS = YES_AGGRESSIVE;
				GCC_WARN_UNUSED_FUNCTION = YES;
				GCC_WARN_UNUSED_VARIABLE = YES;
				MACOSX_DEPLOYMENT_TARGET = 14.0;
				MTL_ENABLE_DEBUG_INFO = NO;
				MTL_FAST_MATH = YES;
				SDKROOT = macosx;
				SWIFT_COMPILATION_MODE = wholemodule;
			};
			name = Release;
		};
		A1111111000000000000001B /* Debug */ = {
			isa = XCBuildConfiguration;
			buildSettings = {
				ASSETCATALOG_COMPILER_APPICON_NAME = AppIcon;
				ASSETCATALOG_COMPILER_GLOBAL_ACCENT_COLOR_NAME = AccentColor;
				CODE_SIGN_ENTITLEMENTS = "Quick-Cam-App/Quick_Cam_App.entitlements";
				CODE_SIGN_STYLE = Automatic;
				COMBINE_HIDPI_IMAGES = YES;
				CURRENT_PROJECT_VERSION = 1;
				DEVELOPMENT_TEAM = "";
				ENABLE_HARDENED_RUNTIME = YES;
				GENERATE_INFOPLIST_FILE = NO;
				INFOPLIST_FILE = "Quick-Cam-App/Info.plist";
				INFOPLIST_KEY_NSHumanReadableCopyright = "";
				LD_RUNPATH_SEARCH_PATHS = (
					"$(inherited)",
					"@executable_path/../Frameworks",
				);
				MARKETING_VERSION = 1.0;
				PRODUCT_BUNDLE_IDENTIFIER = "com.quickcam.Quick-Cam-App";
				PRODUCT_NAME = "$(TARGET_NAME)";
				SWIFT_EMIT_LOC_STRINGS = YES;
				SWIFT_VERSION = 5.0;
			};
			name = Debug;
		};
		A1111111000000000000001C /* Release */ = {
			isa = XCBuildConfiguration;
			buildSettings = {
				ASSETCATALOG_COMPILER_APPICON_NAME = AppIcon;
				ASSETCATALOG_COMPILER_GLOBAL_ACCENT_COLOR_NAME = AccentColor;
				CODE_SIGN_ENTITLEMENTS = "Quick-Cam-App/Quick_Cam_App.entitlements";
				CODE_SIGN_STYLE = Automatic;
				COMBINE_HIDPI_IMAGES = YES;
				CURRENT_PROJECT_VERSION = 1;
				DEVELOPMENT_TEAM = "";
				ENABLE_HARDENED_RUNTIME = YES;
				GENERATE_INFOPLIST_FILE = NO;
				INFOPLIST_FILE = "Quick-Cam-App/Info.plist";
				INFOPLIST_KEY_NSHumanReadableCopyright = "";
				LD_RUNPATH_SEARCH_PATHS = (
					"$(inherited)",
					"@executable_path/../Frameworks",
				);
				MARKETING_VERSION = 1.0;
				PRODUCT_BUNDLE_IDENTIFIER = "com.quickcam.Quick-Cam-App";
				PRODUCT_NAME = "$(TARGET_NAME)";
				SWIFT_EMIT_LOC_STRINGS = YES;
				SWIFT_VERSION = 5.0;
			};
			name = Release;
		};
		B11111110000000000000009 /* Debug */ = {
			isa = XCBuildConfiguration;
			buildSettings = {
				BUNDLE_LOADER = "$(TEST_HOST)";
				CODE_SIGN_STYLE = Automatic;
				CURRENT_PROJECT_VERSION = 1;
				GENERATE_INFOPLIST_FILE = YES;
				MACOSX_DEPLOYMENT_TARGET = 14.0;
				MARKETING_VERSION = 1.0;
				PRODUCT_BUNDLE_IDENTIFIER = "com.quickcam.Quick-Cam-AppTests";
				PRODUCT_NAME = "$(TARGET_NAME)";
				SWIFT_EMIT_LOC_STRINGS = NO;
				SWIFT_VERSION = 5.0;
				TEST_HOST = "$(BUILT_PRODUCTS_DIR)/Quick-Cam-App.app/Contents/MacOS/Quick-Cam-App";
			};
			name = Debug;
		};
		B1111111000000000000000A /* Release */ = {
			isa = XCBuildConfiguration;
			buildSettings = {
				BUNDLE_LOADER = "$(TEST_HOST)";
				CODE_SIGN_STYLE = Automatic;
				CURRENT_PROJECT_VERSION = 1;
				GENERATE_INFOPLIST_FILE = YES;
				MACOSX_DEPLOYMENT_TARGET = 14.0;
				MARKETING_VERSION = 1.0;
				PRODUCT_BUNDLE_IDENTIFIER = "com.quickcam.Quick-Cam-AppTests";
				PRODUCT_NAME = "$(TARGET_NAME)";
				SWIFT_EMIT_LOC_STRINGS = NO;
				SWIFT_VERSION = 5.0;
				TEST_HOST = "$(BUILT_PRODUCTS_DIR)/Quick-Cam-App.app/Contents/MacOS/Quick-Cam-App";
			};
			name = Release;
		};
/* End XCBuildConfiguration section */

/* Begin XCConfigurationList section */
		A11111110000000000000009 /* Build configuration list for PBXProject "Quick-Cam-App" */ = {
			isa = XCConfigurationList;
			buildConfigurations = (
				A11111110000000000000019 /* Debug */,
				A1111111000000000000001A /* Release */,
			);
			defaultConfigurationIsVisible = 0;
			defaultConfigurationName = Release;
		};
		A11111110000000000000018 /* Build configuration list for PBXNativeTarget "Quick-Cam-App" */ = {
			isa = XCConfigurationList;
			buildConfigurations = (
				A1111111000000000000001B /* Debug */,
				A1111111000000000000001C /* Release */,
			);
			defaultConfigurationIsVisible = 0;
			defaultConfigurationName = Release;
		};
		B11111110000000000000008 /* Build configuration list for PBXNativeTarget "Quick-Cam-AppTests" */ = {
			isa = XCConfigurationList;
			buildConfigurations = (
				B11111110000000000000009 /* Debug */,
				B1111111000000000000000A /* Release */,
			);
			defaultConfigurationIsVisible = 0;
			defaultConfigurationName = Release;
		};
/* End XCConfigurationList section */
	};
	rootObject = A11111110000000000000008 /* Project object */;
}
